// !$*UTF8*$!
{
	archiveVersion = 1;
	classes = {
	};
	objectVersion = 56;
	objects = {

/* Begin PBXBuildFile section */
		7AAB11DF2993A55A00D426AE /* WebViewController.swift in Sources */ = {isa = PBXBuildFile; fileRef = 7AAB11DE2993A55A00D426AE /* WebViewController.swift */; };
		7AB9D9162991FE0300E788FC /* AppDelegate.swift in Sources */ = {isa = PBXBuildFile; fileRef = 7AB9D9152991FE0300E788FC /* AppDelegate.swift */; };
		7AB9D91F2991FE0300E788FC /* Assets.xcassets in Resources */ = {isa = PBXBuildFile; fileRef = 7AB9D91E2991FE0300E788FC /* Assets.xcassets */; };
		7AB9D9222991FE0300E788FC /* LaunchScreen.storyboard in Resources */ = {isa = PBXBuildFile; fileRef = 7AB9D9202991FE0300E788FC /* LaunchScreen.storyboard */; };
		7AB9D92D2991FE0400E788FC /* NewsTests.swift in Sources */ = {isa = PBXBuildFile; fileRef = 7AB9D92C2991FE0400E788FC /* NewsTests.swift */; };
		7AB9D9372991FE0400E788FC /* NewsUITests.swift in Sources */ = {isa = PBXBuildFile; fileRef = 7AB9D9362991FE0400E788FC /* NewsUITests.swift */; };
		7AB9D9392991FE0400E788FC /* NewsUITestsLaunchTests.swift in Sources */ = {isa = PBXBuildFile; fileRef = 7AB9D9382991FE0400E788FC /* NewsUITestsLaunchTests.swift */; };
		7AB9D9492992011C00E788FC /* CategoriesViewModel.swift in Sources */ = {isa = PBXBuildFile; fileRef = 7AB9D9482992011C00E788FC /* CategoriesViewModel.swift */; };
		7AB9D94D299201AF00E788FC /* Repo.swift in Sources */ = {isa = PBXBuildFile; fileRef = 7AB9D94C299201AF00E788FC /* Repo.swift */; };
		7AB9D9502992040000E788FC /* CategoriesCell.swift in Sources */ = {isa = PBXBuildFile; fileRef = 7AB9D94F2992040000E788FC /* CategoriesCell.swift */; };
		7AB9D952299204F400E788FC /* CategoriesViewController.swift in Sources */ = {isa = PBXBuildFile; fileRef = 7AB9D951299204F400E788FC /* CategoriesViewController.swift */; };
		7AB9D95529921EA200E788FC /* SourcesViewController.swift in Sources */ = {isa = PBXBuildFile; fileRef = 7AB9D95429921EA200E788FC /* SourcesViewController.swift */; };
		7AB9D95729921EAF00E788FC /* SourcesViewModel.swift in Sources */ = {isa = PBXBuildFile; fileRef = 7AB9D95629921EAF00E788FC /* SourcesViewModel.swift */; };
		7AB9D9592992224100E788FC /* SourcesModel.swift in Sources */ = {isa = PBXBuildFile; fileRef = 7AB9D9582992224100E788FC /* SourcesModel.swift */; };
		7AB9D95B2992344500E788FC /* SourcesCell.swift in Sources */ = {isa = PBXBuildFile; fileRef = 7AB9D95A2992344500E788FC /* SourcesCell.swift */; };
		7AB9D95F29923F9D00E788FC /* ArticlesModel.swift in Sources */ = {isa = PBXBuildFile; fileRef = 7AB9D95E29923F9D00E788FC /* ArticlesModel.swift */; };
		7AB9D961299242A500E788FC /* ArticlesViewModel.swift in Sources */ = {isa = PBXBuildFile; fileRef = 7AB9D960299242A500E788FC /* ArticlesViewModel.swift */; };
		7AB9D965299242EE00E788FC /* ArticlesViewController.swift in Sources */ = {isa = PBXBuildFile; fileRef = 7AB9D964299242EE00E788FC /* ArticlesViewController.swift */; };
		7AB9D9672992431600E788FC /* ArticlesCell.swift in Sources */ = {isa = PBXBuildFile; fileRef = 7AB9D9662992431600E788FC /* ArticlesCell.swift */; };
		7AB9D9692992437D00E788FC /* ArticleDetailViewModel.swift in Sources */ = {isa = PBXBuildFile; fileRef = 7AB9D9682992437D00E788FC /* ArticleDetailViewModel.swift */; };
/* End PBXBuildFile section */

/* Begin PBXContainerItemProxy section */
		7AB9D9292991FE0400E788FC /* PBXContainerItemProxy */ = {
			isa = PBXContainerItemProxy;
			containerPortal = 7AB9D90A2991FE0300E788FC /* Project object */;
			proxyType = 1;
			remoteGlobalIDString = 7AB9D9112991FE0300E788FC;
			remoteInfo = News;
		};
		7AB9D9332991FE0400E788FC /* PBXContainerItemProxy */ = {
			isa = PBXContainerItemProxy;
			containerPortal = 7AB9D90A2991FE0300E788FC /* Project object */;
			proxyType = 1;
			remoteGlobalIDString = 7AB9D9112991FE0300E788FC;
			remoteInfo = News;
		};
/* End PBXContainerItemProxy section */

/* Begin PBXFileReference section */
		7AAB11DE2993A55A00D426AE /* WebViewController.swift */ = {isa = PBXFileReference; lastKnownFileType = sourcecode.swift; path = WebViewController.swift; sourceTree = "<group>"; };
		7AB9D9122991FE0300E788FC /* News.app */ = {isa = PBXFileReference; explicitFileType = wrapper.application; includeInIndex = 0; path = News.app; sourceTree = BUILT_PRODUCTS_DIR; };
		7AB9D9152991FE0300E788FC /* AppDelegate.swift */ = {isa = PBXFileReference; lastKnownFileType = sourcecode.swift; path = AppDelegate.swift; sourceTree = "<group>"; };
		7AB9D91E2991FE0300E788FC /* Assets.xcassets */ = {isa = PBXFileReference; lastKnownFileType = folder.assetcatalog; path = Assets.xcassets; sourceTree = "<group>"; };
		7AB9D9212991FE0300E788FC /* Base */ = {isa = PBXFileReference; lastKnownFileType = file.storyboard; name = Base; path = Base.lproj/LaunchScreen.storyboard; sourceTree = "<group>"; };
		7AB9D9232991FE0300E788FC /* Info.plist */ = {isa = PBXFileReference; lastKnownFileType = text.plist.xml; path = Info.plist; sourceTree = "<group>"; };
		7AB9D9282991FE0400E788FC /* NewsTests.xctest */ = {isa = PBXFileReference; explicitFileType = wrapper.cfbundle; includeInIndex = 0; path = NewsTests.xctest; sourceTree = BUILT_PRODUCTS_DIR; };
		7AB9D92C2991FE0400E788FC /* NewsTests.swift */ = {isa = PBXFileReference; lastKnownFileType = sourcecode.swift; path = NewsTests.swift; sourceTree = "<group>"; };
		7AB9D9322991FE0400E788FC /* NewsUITests.xctest */ = {isa = PBXFileReference; explicitFileType = wrapper.cfbundle; includeInIndex = 0; path = NewsUITests.xctest; sourceTree = BUILT_PRODUCTS_DIR; };
		7AB9D9362991FE0400E788FC /* NewsUITests.swift */ = {isa = PBXFileReference; lastKnownFileType = sourcecode.swift; path = NewsUITests.swift; sourceTree = "<group>"; };
		7AB9D9382991FE0400E788FC /* NewsUITestsLaunchTests.swift */ = {isa = PBXFileReference; lastKnownFileType = sourcecode.swift; path = NewsUITestsLaunchTests.swift; sourceTree = "<group>"; };
		7AB9D9482992011C00E788FC /* CategoriesViewModel.swift */ = {isa = PBXFileReference; lastKnownFileType = sourcecode.swift; path = CategoriesViewModel.swift; sourceTree = "<group>"; };
		7AB9D94C299201AF00E788FC /* Repo.swift */ = {isa = PBXFileReference; lastKnownFileType = sourcecode.swift; path = Repo.swift; sourceTree = "<group>"; };
		7AB9D94F2992040000E788FC /* CategoriesCell.swift */ = {isa = PBXFileReference; lastKnownFileType = sourcecode.swift; path = CategoriesCell.swift; sourceTree = "<group>"; };
		7AB9D951299204F400E788FC /* CategoriesViewController.swift */ = {isa = PBXFileReference; lastKnownFileType = sourcecode.swift; path = CategoriesViewController.swift; sourceTree = "<group>"; };
		7AB9D95429921EA200E788FC /* SourcesViewController.swift */ = {isa = PBXFileReference; lastKnownFileType = sourcecode.swift; path = SourcesViewController.swift; sourceTree = "<group>"; };
		7AB9D95629921EAF00E788FC /* SourcesViewModel.swift */ = {isa = PBXFileReference; lastKnownFileType = sourcecode.swift; path = SourcesViewModel.swift; sourceTree = "<group>"; };
		7AB9D9582992224100E788FC /* SourcesModel.swift */ = {isa = PBXFileReference; lastKnownFileType = sourcecode.swift; path = SourcesModel.swift; sourceTree = "<group>"; };
		7AB9D95A2992344500E788FC /* SourcesCell.swift */ = {isa = PBXFileReference; lastKnownFileType = sourcecode.swift; path = SourcesCell.swift; sourceTree = "<group>"; };
		7AB9D95E29923F9D00E788FC /* ArticlesModel.swift */ = {isa = PBXFileReference; lastKnownFileType = sourcecode.swift; path = ArticlesModel.swift; sourceTree = "<group>"; };
		7AB9D960299242A500E788FC /* ArticlesViewModel.swift */ = {isa = PBXFileReference; lastKnownFileType = sourcecode.swift; path = ArticlesViewModel.swift; sourceTree = "<group>"; };
		7AB9D964299242EE00E788FC /* ArticlesViewController.swift */ = {isa = PBXFileReference; lastKnownFileType = sourcecode.swift; path = ArticlesViewController.swift; sourceTree = "<group>"; };
		7AB9D9662992431600E788FC /* ArticlesCell.swift */ = {isa = PBXFileReference; lastKnownFileType = sourcecode.swift; path = ArticlesCell.swift; sourceTree = "<group>"; };
		7AB9D9682992437D00E788FC /* ArticleDetailViewModel.swift */ = {isa = PBXFileReference; lastKnownFileType = sourcecode.swift; path = ArticleDetailViewModel.swift; sourceTree = "<group>"; };
/* End PBXFileReference section */

/* Begin PBXFrameworksBuildPhase section */
		7AB9D90F2991FE0300E788FC /* Frameworks */ = {
			isa = PBXFrameworksBuildPhase;
			buildActionMask = 2147483647;
			files = (
			);
			runOnlyForDeploymentPostprocessing = 0;
		};
		7AB9D9252991FE0400E788FC /* Frameworks */ = {
			isa = PBXFrameworksBuildPhase;
			buildActionMask = 2147483647;
			files = (
			);
			runOnlyForDeploymentPostprocessing = 0;
		};
		7AB9D92F2991FE0400E788FC /* Frameworks */ = {
			isa = PBXFrameworksBuildPhase;
			buildActionMask = 2147483647;
			files = (
			);
			runOnlyForDeploymentPostprocessing = 0;
		};
/* End PBXFrameworksBuildPhase section */

/* Begin PBXGroup section */
		7AB9D9092991FE0300E788FC = {
			isa = PBXGroup;
			children = (
				7AB9D9142991FE0300E788FC /* News */,
				7AB9D92B2991FE0400E788FC /* NewsTests */,
				7AB9D9352991FE0400E788FC /* NewsUITests */,
				7AB9D9132991FE0300E788FC /* Products */,
			);
			sourceTree = "<group>";
		};
		7AB9D9132991FE0300E788FC /* Products */ = {
			isa = PBXGroup;
			children = (
				7AB9D9122991FE0300E788FC /* News.app */,
				7AB9D9282991FE0400E788FC /* NewsTests.xctest */,
				7AB9D9322991FE0400E788FC /* NewsUITests.xctest */,
			);
			name = Products;
			sourceTree = "<group>";
		};
		7AB9D9142991FE0300E788FC /* News */ = {
			isa = PBXGroup;
			children = (
				7AB9D95D29923F6600E788FC /* Articles */,
				7AB9D95329921E8300E788FC /* Sources */,
				7AB9D945299200A600E788FC /* Categories */,
				7AB9D9152991FE0300E788FC /* AppDelegate.swift */,
				7AB9D94C299201AF00E788FC /* Repo.swift */,
				7AB9D91E2991FE0300E788FC /* Assets.xcassets */,
				7AB9D9202991FE0300E788FC /* LaunchScreen.storyboard */,
				7AB9D9232991FE0300E788FC /* Info.plist */,
			);
			path = News;
			sourceTree = "<group>";
		};
		7AB9D92B2991FE0400E788FC /* NewsTests */ = {
			isa = PBXGroup;
			children = (
				7AB9D92C2991FE0400E788FC /* NewsTests.swift */,
			);
			path = NewsTests;
			sourceTree = "<group>";
		};
		7AB9D9352991FE0400E788FC /* NewsUITests */ = {
			isa = PBXGroup;
			children = (
				7AB9D9362991FE0400E788FC /* NewsUITests.swift */,
				7AB9D9382991FE0400E788FC /* NewsUITestsLaunchTests.swift */,
			);
			path = NewsUITests;
			sourceTree = "<group>";
		};
		7AB9D945299200A600E788FC /* Categories */ = {
			isa = PBXGroup;
			children = (
				7AB9D94E299203E600E788FC /* Views */,
				7AB9D9482992011C00E788FC /* CategoriesViewModel.swift */,
			);
			path = Categories;
			sourceTree = "<group>";
		};
		7AB9D94E299203E600E788FC /* Views */ = {
			isa = PBXGroup;
			children = (
				7AB9D94F2992040000E788FC /* CategoriesCell.swift */,
				7AB9D951299204F400E788FC /* CategoriesViewController.swift */,
			);
			path = Views;
			sourceTree = "<group>";
		};
		7AB9D95329921E8300E788FC /* Sources */ = {
			isa = PBXGroup;
			children = (
				7AB9D95C2992344A00E788FC /* Views */,
				7AB9D95629921EAF00E788FC /* SourcesViewModel.swift */,
				7AB9D9582992224100E788FC /* SourcesModel.swift */,
			);
			path = Sources;
			sourceTree = "<group>";
		};
		7AB9D95C2992344A00E788FC /* Views */ = {
			isa = PBXGroup;
			children = (
				7AB9D95A2992344500E788FC /* SourcesCell.swift */,
				7AB9D95429921EA200E788FC /* SourcesViewController.swift */,
			);
			path = Views;
			sourceTree = "<group>";
		};
		7AB9D95D29923F6600E788FC /* Articles */ = {
			isa = PBXGroup;
			children = (
				7AB9D963299242CF00E788FC /* Views */,
				7AB9D95E29923F9D00E788FC /* ArticlesModel.swift */,
				7AB9D960299242A500E788FC /* ArticlesViewModel.swift */,
				7AB9D9682992437D00E788FC /* ArticleDetailViewModel.swift */,
			);
			path = Articles;
			sourceTree = "<group>";
		};
		7AB9D963299242CF00E788FC /* Views */ = {
			isa = PBXGroup;
			children = (
				7AB9D964299242EE00E788FC /* ArticlesViewController.swift */,
				7AB9D9662992431600E788FC /* ArticlesCell.swift */,
				7AAB11DE2993A55A00D426AE /* WebViewController.swift */,
			);
			path = Views;
			sourceTree = "<group>";
		};
/* End PBXGroup section */

/* Begin PBXNativeTarget section */
		7AB9D9112991FE0300E788FC /* News */ = {
			isa = PBXNativeTarget;
			buildConfigurationList = 7AB9D93C2991FE0400E788FC /* Build configuration list for PBXNativeTarget "News" */;
			buildPhases = (
				7AB9D90E2991FE0300E788FC /* Sources */,
				7AB9D90F2991FE0300E788FC /* Frameworks */,
				7AB9D9102991FE0300E788FC /* Resources */,
			);
			buildRules = (
			);
			dependencies = (
			);
			name = News;
			productName = News;
			productReference = 7AB9D9122991FE0300E788FC /* News.app */;
			productType = "com.apple.product-type.application";
		};
		7AB9D9272991FE0400E788FC /* NewsTests */ = {
			isa = PBXNativeTarget;
			buildConfigurationList = 7AB9D93F2991FE0400E788FC /* Build configuration list for PBXNativeTarget "NewsTests" */;
			buildPhases = (
				7AB9D9242991FE0400E788FC /* Sources */,
				7AB9D9252991FE0400E788FC /* Frameworks */,
				7AB9D9262991FE0400E788FC /* Resources */,
			);
			buildRules = (
			);
			dependencies = (
				7AB9D92A2991FE0400E788FC /* PBXTargetDependency */,
			);
			name = NewsTests;
			productName = NewsTests;
			productReference = 7AB9D9282991FE0400E788FC /* NewsTests.xctest */;
			productType = "com.apple.product-type.bundle.unit-test";
		};
		7AB9D9312991FE0400E788FC /* NewsUITests */ = {
			isa = PBXNativeTarget;
			buildConfigurationList = 7AB9D9422991FE0400E788FC /* Build configuration list for PBXNativeTarget "NewsUITests" */;
			buildPhases = (
				7AB9D92E2991FE0400E788FC /* Sources */,
				7AB9D92F2991FE0400E788FC /* Frameworks */,
				7AB9D9302991FE0400E788FC /* Resources */,
			);
			buildRules = (
			);
			dependencies = (
				7AB9D9342991FE0400E788FC /* PBXTargetDependency */,
			);
			name = NewsUITests;
			productName = NewsUITests;
			productReference = 7AB9D9322991FE0400E788FC /* NewsUITests.xctest */;
			productType = "com.apple.product-type.bundle.ui-testing";
		};
/* End PBXNativeTarget section */

/* Begin PBXProject section */
		7AB9D90A2991FE0300E788FC /* Project object */ = {
			isa = PBXProject;
			attributes = {
				BuildIndependentTargetsInParallel = 1;
				LastSwiftUpdateCheck = 1410;
				LastUpgradeCheck = 1410;
				TargetAttributes = {
					7AB9D9112991FE0300E788FC = {
						CreatedOnToolsVersion = 14.1;
					};
					7AB9D9272991FE0400E788FC = {
						CreatedOnToolsVersion = 14.1;
						TestTargetID = 7AB9D9112991FE0300E788FC;
					};
					7AB9D9312991FE0400E788FC = {
						CreatedOnToolsVersion = 14.1;
						TestTargetID = 7AB9D9112991FE0300E788FC;
					};
				};
			};
			buildConfigurationList = 7AB9D90D2991FE0300E788FC /* Build configuration list for PBXProject "News" */;
			compatibilityVersion = "Xcode 14.0";
			developmentRegion = en;
			hasScannedForEncodings = 0;
			knownRegions = (
				en,
				Base,
			);
			mainGroup = 7AB9D9092991FE0300E788FC;
			productRefGroup = 7AB9D9132991FE0300E788FC /* Products */;
			projectDirPath = "";
			projectRoot = "";
			targets = (
				7AB9D9112991FE0300E788FC /* News */,
				7AB9D9272991FE0400E788FC /* NewsTests */,
				7AB9D9312991FE0400E788FC /* NewsUITests */,
			);
		};
/* End PBXProject section */

/* Begin PBXResourcesBuildPhase section */
		7AB9D9102991FE0300E788FC /* Resources */ = {
			isa = PBXResourcesBuildPhase;
			buildActionMask = 2147483647;
			files = (
				7AB9D9222991FE0300E788FC /* LaunchScreen.storyboard in Resources */,
				7AB9D91F2991FE0300E788FC /* Assets.xcassets in Resources */,
			);
			runOnlyForDeploymentPostprocessing = 0;
		};
		7AB9D9262991FE0400E788FC /* Resources */ = {
			isa = PBXResourcesBuildPhase;
			buildActionMask = 2147483647;
			files = (
			);
			runOnlyForDeploymentPostprocessing = 0;
		};
		7AB9D9302991FE0400E788FC /* Resources */ = {
			isa = PBXResourcesBuildPhase;
			buildActionMask = 2147483647;
			files = (
			);
			runOnlyForDeploymentPostprocessing = 0;
		};
/* End PBXResourcesBuildPhase section */

/* Begin PBXSourcesBuildPhase section */
		7AB9D90E2991FE0300E788FC /* Sources */ = {
			isa = PBXSourcesBuildPhase;
			buildActionMask = 2147483647;
			files = (
				7AB9D9672992431600E788FC /* ArticlesCell.swift in Sources */,
				7AB9D95729921EAF00E788FC /* SourcesViewModel.swift in Sources */,
				7AB9D9492992011C00E788FC /* CategoriesViewModel.swift in Sources */,
				7AB9D961299242A500E788FC /* ArticlesViewModel.swift in Sources */,
				7AB9D9692992437D00E788FC /* ArticleDetailViewModel.swift in Sources */,
				7AB9D9592992224100E788FC /* SourcesModel.swift in Sources */,
				7AB9D9502992040000E788FC /* CategoriesCell.swift in Sources */,
				7AB9D95B2992344500E788FC /* SourcesCell.swift in Sources */,
				7AB9D94D299201AF00E788FC /* Repo.swift in Sources */,
				7AB9D952299204F400E788FC /* CategoriesViewController.swift in Sources */,
				7AB9D9162991FE0300E788FC /* AppDelegate.swift in Sources */,
				7AB9D965299242EE00E788FC /* ArticlesViewController.swift in Sources */,
				7AB9D95F29923F9D00E788FC /* ArticlesModel.swift in Sources */,
				7AAB11DF2993A55A00D426AE /* WebViewController.swift in Sources */,
				7AB9D95529921EA200E788FC /* SourcesViewController.swift in Sources */,
			);
			runOnlyForDeploymentPostprocessing = 0;
		};
		7AB9D9242991FE0400E788FC /* Sources */ = {
			isa = PBXSourcesBuildPhase;
			buildActionMask = 2147483647;
			files = (
				7AB9D92D2991FE0400E788FC /* NewsTests.swift in Sources */,
			);
			runOnlyForDeploymentPostprocessing = 0;
		};
		7AB9D92E2991FE0400E788FC /* Sources */ = {
			isa = PBXSourcesBuildPhase;
			buildActionMask = 2147483647;
			files = (
				7AB9D9372991FE0400E788FC /* NewsUITests.swift in Sources */,
				7AB9D9392991FE0400E788FC /* NewsUITestsLaunchTests.swift in Sources */,
			);
			runOnlyForDeploymentPostprocessing = 0;
		};
/* End PBXSourcesBuildPhase section */

/* Begin PBXTargetDependency section */
		7AB9D92A2991FE0400E788FC /* PBXTargetDependency */ = {
			isa = PBXTargetDependency;
			target = 7AB9D9112991FE0300E788FC /* News */;
			targetProxy = 7AB9D9292991FE0400E788FC /* PBXContainerItemProxy */;
		};
		7AB9D9342991FE0400E788FC /* PBXTargetDependency */ = {
			isa = PBXTargetDependency;
			target = 7AB9D9112991FE0300E788FC /* News */;
			targetProxy = 7AB9D9332991FE0400E788FC /* PBXContainerItemProxy */;
		};
/* End PBXTargetDependency section */

/* Begin PBXVariantGroup section */
		7AB9D9202991FE0300E788FC /* LaunchScreen.storyboard */ = {
			isa = PBXVariantGroup;
			children = (
				7AB9D9212991FE0300E788FC /* Base */,
			);
			name = LaunchScreen.storyboard;
			sourceTree = "<group>";
		};
/* End PBXVariantGroup section */

/* Begin XCBuildConfiguration section */
		7AB9D93A2991FE0400E788FC /* Debug */ = {
			isa = XCBuildConfiguration;
			buildSettings = {
				ALWAYS_SEARCH_USER_PATHS = NO;
				CLANG_ANALYZER_NONNULL = YES;
				CLANG_ANALYZER_NUMBER_OBJECT_CONVERSION = YES_AGGRESSIVE;
				CLANG_CXX_LANGUAGE_STANDARD = "gnu++20";
				CLANG_ENABLE_MODULES = YES;
				CLANG_ENABLE_OBJC_ARC = YES;
				CLANG_ENABLE_OBJC_WEAK = YES;
				CLANG_WARN_BLOCK_CAPTURE_AUTORELEASING = YES;
				CLANG_WARN_BOOL_CONVERSION = YES;
				CLANG_WARN_COMMA = YES;
				CLANG_WARN_CONSTANT_CONVERSION = YES;
				CLANG_WARN_DEPRECATED_OBJC_IMPLEMENTATIONS = YES;
				CLANG_WARN_DIRECT_OBJC_ISA_USAGE = YES_ERROR;
				CLANG_WARN_DOCUMENTATION_COMMENTS = YES;
				CLANG_WARN_EMPTY_BODY = YES;
				CLANG_WARN_ENUM_CONVERSION = YES;
				CLANG_WARN_INFINITE_RECURSION = YES;
				CLANG_WARN_INT_CONVERSION = YES;
				CLANG_WARN_NON_LITERAL_NULL_CONVERSION = YES;
				CLANG_WARN_OBJC_IMPLICIT_RETAIN_SELF = YES;
				CLANG_WARN_OBJC_LITERAL_CONVERSION = YES;
				CLANG_WARN_OBJC_ROOT_CLASS = YES_ERROR;
				CLANG_WARN_QUOTED_INCLUDE_IN_FRAMEWORK_HEADER = YES;
				CLANG_WARN_RANGE_LOOP_ANALYSIS = YES;
				CLANG_WARN_STRICT_PROTOTYPES = YES;
				CLANG_WARN_SUSPICIOUS_MOVE = YES;
				CLANG_WARN_UNGUARDED_AVAILABILITY = YES_AGGRESSIVE;
				CLANG_WARN_UNREACHABLE_CODE = YES;
				CLANG_WARN__DUPLICATE_METHOD_MATCH = YES;
				COPY_PHASE_STRIP = NO;
				DEBUG_INFORMATION_FORMAT = dwarf;
				ENABLE_STRICT_OBJC_MSGSEND = YES;
				ENABLE_TESTABILITY = YES;
				GCC_C_LANGUAGE_STANDARD = gnu11;
				GCC_DYNAMIC_NO_PIC = NO;
				GCC_NO_COMMON_BLOCKS = YES;
				GCC_OPTIMIZATION_LEVEL = 0;
				GCC_PREPROCESSOR_DEFINITIONS = (
					"DEBUG=1",
					"$(inherited)",
				);
				GCC_WARN_64_TO_32_BIT_CONVERSION = YES;
				GCC_WARN_ABOUT_RETURN_TYPE = YES_ERROR;
				GCC_WARN_UNDECLARED_SELECTOR = YES;
				GCC_WARN_UNINITIALIZED_AUTOS = YES_AGGRESSIVE;
				GCC_WARN_UNUSED_FUNCTION = YES;
				GCC_WARN_UNUSED_VARIABLE = YES;
				IPHONEOS_DEPLOYMENT_TARGET = 16.1;
				MTL_ENABLE_DEBUG_INFO = INCLUDE_SOURCE;
				MTL_FAST_MATH = YES;
				ONLY_ACTIVE_ARCH = YES;
				SDKROOT = iphoneos;
				SWIFT_ACTIVE_COMPILATION_CONDITIONS = DEBUG;
				SWIFT_OPTIMIZATION_LEVEL = "-Onone";
			};
			name = Debug;
		};
		7AB9D93B2991FE0400E788FC /* Release */ = {
			isa = XCBuildConfiguration;
			buildSettings = {
				ALWAYS_SEARCH_USER_PATHS = NO;
				CLANG_ANALYZER_NONNULL = YES;
				CLANG_ANALYZER_NUMBER_OBJECT_CONVERSION = YES_AGGRESSIVE;
				CLANG_CXX_LANGUAGE_STANDARD = "gnu++20";
				CLANG_ENABLE_MODULES = YES;
				CLANG_ENABLE_OBJC_ARC = YES;
				CLANG_ENABLE_OBJC_WEAK = YES;
				CLANG_WARN_BLOCK_CAPTURE_AUTORELEASING = YES;
				CLANG_WARN_BOOL_CONVERSION = YES;
				CLANG_WARN_COMMA = YES;
				CLANG_WARN_CONSTANT_CONVERSION = YES;
				CLANG_WARN_DEPRECATED_OBJC_IMPLEMENTATIONS = YES;
				CLANG_WARN_DIRECT_OBJC_ISA_USAGE = YES_ERROR;
				CLANG_WARN_DOCUMENTATION_COMMENTS = YES;
				CLANG_WARN_EMPTY_BODY = YES;
				CLANG_WARN_ENUM_CONVERSION = YES;
				CLANG_WARN_INFINITE_RECURSION = YES;
				CLANG_WARN_INT_CONVERSION = YES;
				CLANG_WARN_NON_LITERAL_NULL_CONVERSION = YES;
				CLANG_WARN_OBJC_IMPLICIT_RETAIN_SELF = YES;
				CLANG_WARN_OBJC_LITERAL_CONVERSION = YES;
				CLANG_WARN_OBJC_ROOT_CLASS = YES_ERROR;
				CLANG_WARN_QUOTED_INCLUDE_IN_FRAMEWORK_HEADER = YES;
				CLANG_WARN_RANGE_LOOP_ANALYSIS = YES;
				CLANG_WARN_STRICT_PROTOTYPES = YES;
				CLANG_WARN_SUSPICIOUS_MOVE = YES;
				CLANG_WARN_UNGUARDED_AVAILABILITY = YES_AGGRESSIVE;
				CLANG_WARN_UNREACHABLE_CODE = YES;
				CLANG_WARN__DUPLICATE_METHOD_MATCH = YES;
				COPY_PHASE_STRIP = NO;
				DEBUG_INFORMATION_FORMAT = "dwarf-with-dsym";
				ENABLE_NS_ASSERTIONS = NO;
				ENABLE_STRICT_OBJC_MSGSEND = YES;
				GCC_C_LANGUAGE_STANDARD = gnu11;
				GCC_NO_COMMON_BLOCKS = YES;
				GCC_WARN_64_TO_32_BIT_CONVERSION = YES;
				GCC_WARN_ABOUT_RETURN_TYPE = YES_ERROR;
				GCC_WARN_UNDECLARED_SELECTOR = YES;
				GCC_WARN_UNINITIALIZED_AUTOS = YES_AGGRESSIVE;
				GCC_WARN_UNUSED_FUNCTION = YES;
				GCC_WARN_UNUSED_VARIABLE = YES;
				IPHONEOS_DEPLOYMENT_TARGET = 16.1;
				MTL_ENABLE_DEBUG_INFO = NO;
				MTL_FAST_MATH = YES;
				SDKROOT = iphoneos;
				SWIFT_COMPILATION_MODE = wholemodule;
				SWIFT_OPTIMIZATION_LEVEL = "-O";
				VALIDATE_PRODUCT = YES;
			};
			name = Release;
		};
		7AB9D93D2991FE0400E788FC /* Debug */ = {
			isa = XCBuildConfiguration;
			buildSettings = {
				ASSETCATALOG_COMPILER_APPICON_NAME = AppIcon;
				ASSETCATALOG_COMPILER_GLOBAL_ACCENT_COLOR_NAME = AccentColor;
				CODE_SIGN_STYLE = Automatic;
				CURRENT_PROJECT_VERSION = 1;
				DEVELOPMENT_TEAM = 6Q7JFK5S7V;
				GENERATE_INFOPLIST_FILE = YES;
				INFOPLIST_FILE = News/Info.plist;
				INFOPLIST_KEY_UIApplicationSupportsIndirectInputEvents = YES;
				INFOPLIST_KEY_UILaunchStoryboardName = LaunchScreen.storyboard;
				INFOPLIST_KEY_UISupportedInterfaceOrientations = UIInterfaceOrientationPortrait;
				LD_RUNPATH_SEARCH_PATHS = (
					"$(inherited)",
					"@executable_path/Frameworks",
				);
				MARKETING_VERSION = 1.0;
				PRODUCT_BUNDLE_IDENTIFIER = Me.News;
				PRODUCT_NAME = "$(TARGET_NAME)";
				SWIFT_EMIT_LOC_STRINGS = YES;
				SWIFT_VERSION = 5.0;
				TARGETED_DEVICE_FAMILY = "1,2";
			};
			name = Debug;
		};
		7AB9D93E2991FE0400E788FC /* Release */ = {
			isa = XCBuildConfiguration;
			buildSettings = {
				ASSETCATALOG_COMPILER_APPICON_NAME = AppIcon;
				ASSETCATALOG_COMPILER_GLOBAL_ACCENT_COLOR_NAME = AccentColor;
				CODE_SIGN_STYLE = Automatic;
				CURRENT_PROJECT_VERSION = 1;
				DEVELOPMENT_TEAM = 6Q7JFK5S7V;
				GENERATE_INFOPLIST_FILE = YES;
				INFOPLIST_FILE = News/Info.plist;
				INFOPLIST_KEY_UIApplicationSupportsIndirectInputEvents = YES;
				INFOPLIST_KEY_UILaunchStoryboardName = LaunchScreen.storyboard;
				INFOPLIST_KEY_UISupportedInterfaceOrientations = UIInterfaceOrientationPortrait;
				LD_RUNPATH_SEARCH_PATHS = (
					"$(inherited)",
					"@executable_path/Frameworks",
				);
				MARKETING_VERSION = 1.0;
				PRODUCT_BUNDLE_IDENTIFIER = Me.News;
				PRODUCT_NAME = "$(TARGET_NAME)";
				SWIFT_EMIT_LOC_STRINGS = YES;
				SWIFT_VERSION = 5.0;
				TARGETED_DEVICE_FAMILY = "1,2";
			};
			name = Release;
		};
		7AB9D9402991FE0400E788FC /* Debug */ = {
			isa = XCBuildConfiguration;
			buildSettings = {
				ALWAYS_EMBED_SWIFT_STANDARD_LIBRARIES = YES;
				BUNDLE_LOADER = "$(TEST_HOST)";
				CODE_SIGN_STYLE = Automatic;
				CURRENT_PROJECT_VERSION = 1;
				DEVELOPMENT_TEAM = 6Q7JFK5S7V;
				GENERATE_INFOPLIST_FILE = YES;
				IPHONEOS_DEPLOYMENT_TARGET = 16.1;
				MARKETING_VERSION = 1.0;
				PRODUCT_BUNDLE_IDENTIFIER = Me.NewsTests;
				PRODUCT_NAME = "$(TARGET_NAME)";
				SWIFT_EMIT_LOC_STRINGS = NO;
				SWIFT_VERSION = 5.0;
				TARGETED_DEVICE_FAMILY = "1,2";
				TEST_HOST = "$(BUILT_PRODUCTS_DIR)/News.app/$(BUNDLE_EXECUTABLE_FOLDER_PATH)/News";
			};
			name = Debug;
		};
		7AB9D9412991FE0400E788FC /* Release */ = {
			isa = XCBuildConfiguration;
			buildSettings = {
				ALWAYS_EMBED_SWIFT_STANDARD_LIBRARIES = YES;
				BUNDLE_LOADER = "$(TEST_HOST)";
				CODE_SIGN_STYLE = Automatic;
				CURRENT_PROJECT_VERSION = 1;
				DEVELOPMENT_TEAM = 6Q7JFK5S7V;
				GENERATE_INFOPLIST_FILE = YES;
				IPHONEOS_DEPLOYMENT_TARGET = 16.1;
				MARKETING_VERSION = 1.0;
				PRODUCT_BUNDLE_IDENTIFIER = Me.NewsTests;
				PRODUCT_NAME = "$(TARGET_NAME)";
				SWIFT_EMIT_LOC_STRINGS = NO;
				SWIFT_VERSION = 5.0;
				TARGETED_DEVICE_FAMILY = "1,2";
				TEST_HOST = "$(BUILT_PRODUCTS_DIR)/News.app/$(BUNDLE_EXECUTABLE_FOLDER_PATH)/News";
			};
			name = Release;
		};
		7AB9D9432991FE0400E788FC /* Debug */ = {
			isa = XCBuildConfiguration;
			buildSettings = {
				ALWAYS_EMBED_SWIFT_STANDARD_LIBRARIES = YES;
				CODE_SIGN_STYLE = Automatic;
				CURRENT_PROJECT_VERSION = 1;
				DEVELOPMENT_TEAM = 6Q7JFK5S7V;
				GENERATE_INFOPLIST_FILE = YES;
				MARKETING_VERSION = 1.0;
				PRODUCT_BUNDLE_IDENTIFIER = Me.NewsUITests;
				PRODUCT_NAME = "$(TARGET_NAME)";
				SWIFT_EMIT_LOC_STRINGS = NO;
				SWIFT_VERSION = 5.0;
				TARGETED_DEVICE_FAMILY = "1,2";
				TEST_TARGET_NAME = News;
			};
			name = Debug;
		};
		7AB9D9442991FE0400E788FC /* Release */ = {
			isa = XCBuildConfiguration;
			buildSettings = {
				ALWAYS_EMBED_SWIFT_STANDARD_LIBRARIES = YES;
				CODE_SIGN_STYLE = Automatic;
				CURRENT_PROJECT_VERSION = 1;
				DEVELOPMENT_TEAM = 6Q7JFK5S7V;
				GENERATE_INFOPLIST_FILE = YES;
				MARKETING_VERSION = 1.0;
				PRODUCT_BUNDLE_IDENTIFIER = Me.NewsUITests;
				PRODUCT_NAME = "$(TARGET_NAME)";
				SWIFT_EMIT_LOC_STRINGS = NO;
				SWIFT_VERSION = 5.0;
				TARGETED_DEVICE_FAMILY = "1,2";
				TEST_TARGET_NAME = News;
			};
			name = Release;
		};
/* End XCBuildConfiguration section */

/* Begin XCConfigurationList section */
		7AB9D90D2991FE0300E788FC /* Build configuration list for PBXProject "News" */ = {
			isa = XCConfigurationList;
			buildConfigurations = (
				7AB9D93A2991FE0400E788FC /* Debug */,
				7AB9D93B2991FE0400E788FC /* Release */,
			);
			defaultConfigurationIsVisible = 0;
			defaultConfigurationName = Release;
		};
		7AB9D93C2991FE0400E788FC /* Build configuration list for PBXNativeTarget "News" */ = {
			isa = XCConfigurationList;
			buildConfigurations = (
				7AB9D93D2991FE0400E788FC /* Debug */,
				7AB9D93E2991FE0400E788FC /* Release */,
			);
			defaultConfigurationIsVisible = 0;
			defaultConfigurationName = Release;
		};
		7AB9D93F2991FE0400E788FC /* Build configuration list for PBXNativeTarget "NewsTests" */ = {
			isa = XCConfigurationList;
			buildConfigurations = (
				7AB9D9402991FE0400E788FC /* Debug */,
				7AB9D9412991FE0400E788FC /* Release */,
			);
			defaultConfigurationIsVisible = 0;
			defaultConfigurationName = Release;
		};
		7AB9D9422991FE0400E788FC /* Build configuration list for PBXNativeTarget "NewsUITests" */ = {
			isa = XCConfigurationList;
			buildConfigurations = (
				7AB9D9432991FE0400E788FC /* Debug */,
				7AB9D9442991FE0400E788FC /* Release */,
			);
			defaultConfigurationIsVisible = 0;
			defaultConfigurationName = Release;
		};
/* End XCConfigurationList section */
	};
	rootObject = 7AB9D90A2991FE0300E788FC /* Project object */;
}
